// !$*UTF8*$!
{
	archiveVersion = 1;
	classes = {
	};
	objectVersion = 46;
	objects = {

/* Begin PBXBuildFile section */
		18EB41D8165937F800828D30 /* UIKit.framework in Frameworks */ = {isa = PBXBuildFile; fileRef = 18EB41D7165937F800828D30 /* UIKit.framework */; };
		18EB41DA165937F800828D30 /* Foundation.framework in Frameworks */ = {isa = PBXBuildFile; fileRef = 18EB41D9165937F800828D30 /* Foundation.framework */; };
		18EB41DC165937F800828D30 /* CoreGraphics.framework in Frameworks */ = {isa = PBXBuildFile; fileRef = 18EB41DB165937F800828D30 /* CoreGraphics.framework */; };
		18EB41DE165937F800828D30 /* CoreData.framework in Frameworks */ = {isa = PBXBuildFile; fileRef = 18EB41DD165937F800828D30 /* CoreData.framework */; };
		18EB41E4165937F800828D30 /* InfoPlist.strings in Resources */ = {isa = PBXBuildFile; fileRef = 18EB41E2165937F800828D30 /* InfoPlist.strings */; };
		18EB41E6165937F800828D30 /* main.m in Sources */ = {isa = PBXBuildFile; fileRef = 18EB41E5165937F800828D30 /* main.m */; };
		18EB41EA165937F800828D30 /* OKAppDelegate.m in Sources */ = {isa = PBXBuildFile; fileRef = 18EB41E9165937F800828D30 /* OKAppDelegate.m */; };
		18EB41ED165937F800828D30 /* OK.xcdatamodeld in Sources */ = {isa = PBXBuildFile; fileRef = 18EB41EB165937F800828D30 /* OK.xcdatamodeld */; };
		18EB41F41659384400828D30 /* OKStoryboard.storyboard in Resources */ = {isa = PBXBuildFile; fileRef = 18EB41F31659384400828D30 /* OKStoryboard.storyboard */; };
		18EB41F616593B1800828D30 /* Logo.png in Resources */ = {isa = PBXBuildFile; fileRef = 18EB41F516593B1800828D30 /* Logo.png */; };
		18EB41F916593BEF00828D30 /* OKSplashView.m in Sources */ = {isa = PBXBuildFile; fileRef = 18EB41F816593BEF00828D30 /* OKSplashView.m */; };
		18EB420416593EA800828D30 /* OKViewController.m in Sources */ = {isa = PBXBuildFile; fileRef = 18EB420316593EA800828D30 /* OKViewController.m */; };
/* End PBXBuildFile section */

/* Begin PBXFileReference section */
		18EB41D3165937F800828D30 /* OK.app */ = {isa = PBXFileReference; explicitFileType = wrapper.application; includeInIndex = 0; path = OK.app; sourceTree = BUILT_PRODUCTS_DIR; };
		18EB41D7165937F800828D30 /* UIKit.framework */ = {isa = PBXFileReference; lastKnownFileType = wrapper.framework; name = UIKit.framework; path = System/Library/Frameworks/UIKit.framework; sourceTree = SDKROOT; };
		18EB41D9165937F800828D30 /* Foundation.framework */ = {isa = PBXFileReference; lastKnownFileType = wrapper.framework; name = Foundation.framework; path = System/Library/Frameworks/Foundation.framework; sourceTree = SDKROOT; };
		18EB41DB165937F800828D30 /* CoreGraphics.framework */ = {isa = PBXFileReference; lastKnownFileType = wrapper.framework; name = CoreGraphics.framework; path = System/Library/Frameworks/CoreGraphics.framework; sourceTree = SDKROOT; };
		18EB41DD165937F800828D30 /* CoreData.framework */ = {isa = PBXFileReference; lastKnownFileType = wrapper.framework; name = CoreData.framework; path = System/Library/Frameworks/CoreData.framework; sourceTree = SDKROOT; };
		18EB41E1165937F800828D30 /* OK-Info.plist */ = {isa = PBXFileReference; lastKnownFileType = text.plist.xml; path = "OK-Info.plist"; sourceTree = "<group>"; };
		18EB41E3165937F800828D30 /* en */ = {isa = PBXFileReference; lastKnownFileType = text.plist.strings; name = en; path = en.lproj/InfoPlist.strings; sourceTree = "<group>"; };
		18EB41E5165937F800828D30 /* main.m */ = {isa = PBXFileReference; lastKnownFileType = sourcecode.c.objc; path = main.m; sourceTree = "<group>"; };
		18EB41E7165937F800828D30 /* OK-Prefix.pch */ = {isa = PBXFileReference; lastKnownFileType = sourcecode.c.h; path = "OK-Prefix.pch"; sourceTree = "<group>"; };
		18EB41E8165937F800828D30 /* OKAppDelegate.h */ = {isa = PBXFileReference; lastKnownFileType = sourcecode.c.h; path = OKAppDelegate.h; sourceTree = "<group>"; };
		18EB41E9165937F800828D30 /* OKAppDelegate.m */ = {isa = PBXFileReference; lastKnownFileType = sourcecode.c.objc; path = OKAppDelegate.m; sourceTree = "<group>"; };
		18EB41EC165937F800828D30 /* OK.xcdatamodel */ = {isa = PBXFileReference; lastKnownFileType = wrapper.xcdatamodel; path = OK.xcdatamodel; sourceTree = "<group>"; };
		18EB41F31659384400828D30 /* OKStoryboard.storyboard */ = {isa = PBXFileReference; fileEncoding = 4; lastKnownFileType = file.storyboard; path = OKStoryboard.storyboard; sourceTree = "<group>"; };
		18EB41F516593B1800828D30 /* Logo.png */ = {isa = PBXFileReference; lastKnownFileType = image.png; path = Logo.png; sourceTree = "<group>"; };
		18EB41F716593BEF00828D30 /* OKSplashView.h */ = {isa = PBXFileReference; fileEncoding = 4; lastKnownFileType = sourcecode.c.h; path = OKSplashView.h; sourceTree = "<group>"; };
		18EB41F816593BEF00828D30 /* OKSplashView.m */ = {isa = PBXFileReference; fileEncoding = 4; lastKnownFileType = sourcecode.c.objc; path = OKSplashView.m; sourceTree = "<group>"; };
		18EB420216593EA800828D30 /* OKViewController.h */ = {isa = PBXFileReference; fileEncoding = 4; lastKnownFileType = sourcecode.c.h; path = OKViewController.h; sourceTree = "<group>"; };
		18EB420316593EA800828D30 /* OKViewController.m */ = {isa = PBXFileReference; fileEncoding = 4; lastKnownFileType = sourcecode.c.objc; path = OKViewController.m; sourceTree = "<group>"; };
		18EB420A1659467200828D30 /* MainViewController.h */ = {isa = PBXFileReference; lastKnownFileType = sourcecode.c.h; path = MainViewController.h; sourceTree = "<group>"; };
		18EB420B1659467200828D30 /* MainViewController.m */ = {isa = PBXFileReference; lastKnownFileType = sourcecode.c.objc; path = MainViewController.m; sourceTree = "<group>"; };
		18EB420C165946AE00828D30 /* ModalViewController.h */ = {isa = PBXFileReference; lastKnownFileType = sourcecode.c.h; path = ModalViewController.h; sourceTree = "<group>"; };
		18EB420D165946AE00828D30 /* ModalViewController.m */ = {isa = PBXFileReference; lastKnownFileType = sourcecode.c.objc; path = ModalViewController.m; sourceTree = "<group>"; };
		18EB420E165946D000828D30 /* PageOneViewController.h */ = {isa = PBXFileReference; lastKnownFileType = sourcecode.c.h; path = PageOneViewController.h; sourceTree = "<group>"; };
		18EB420F165946D000828D30 /* PageOneViewController.m */ = {isa = PBXFileReference; lastKnownFileType = sourcecode.c.objc; path = PageOneViewController.m; sourceTree = "<group>"; };
/* End PBXFileReference section */

/* Begin PBXFrameworksBuildPhase section */
		18EB41D0165937F800828D30 /* Frameworks */ = {
			isa = PBXFrameworksBuildPhase;
			buildActionMask = 2147483647;
			files = (
				18EB41D8165937F800828D30 /* UIKit.framework in Frameworks */,
				18EB41DA165937F800828D30 /* Foundation.framework in Frameworks */,
				18EB41DC165937F800828D30 /* CoreGraphics.framework in Frameworks */,
				18EB41DE165937F800828D30 /* CoreData.framework in Frameworks */,
			);
			runOnlyForDeploymentPostprocessing = 0;
		};
/* End PBXFrameworksBuildPhase section */

/* Begin PBXGroup section */
		18EB41C8165937F800828D30 = {
			isa = PBXGroup;
			children = (
				18EB41DF165937F800828D30 /* OK */,
				18EB41D6165937F800828D30 /* Frameworks */,
				18EB41D4165937F800828D30 /* Products */,
			);
			sourceTree = "<group>";
		};
		18EB41D4165937F800828D30 /* Products */ = {
			isa = PBXGroup;
			children = (
				18EB41D3165937F800828D30 /* OK.app */,
			);
			name = Products;
			sourceTree = "<group>";
		};
		18EB41D6165937F800828D30 /* Frameworks */ = {
			isa = PBXGroup;
			children = (
				18EB41D7165937F800828D30 /* UIKit.framework */,
				18EB41D9165937F800828D30 /* Foundation.framework */,
				18EB41DB165937F800828D30 /* CoreGraphics.framework */,
				18EB41DD165937F800828D30 /* CoreData.framework */,
			);
			name = Frameworks;
			sourceTree = "<group>";
		};
		18EB41DF165937F800828D30 /* OK */ = {
			isa = PBXGroup;
			children = (
				18EB41E8165937F800828D30 /* OKAppDelegate.h */,
				18EB41E9165937F800828D30 /* OKAppDelegate.m */,
				18EB420216593EA800828D30 /* OKViewController.h */,
				18EB420316593EA800828D30 /* OKViewController.m */,
				18EB420A1659467200828D30 /* MainViewController.h */,
				18EB420B1659467200828D30 /* MainViewController.m */,
				18EB420E165946D000828D30 /* PageOneViewController.h */,
				18EB420F165946D000828D30 /* PageOneViewController.m */,
				18EB420C165946AE00828D30 /* ModalViewController.h */,
				18EB420D165946AE00828D30 /* ModalViewController.m */,
				18EB41F716593BEF00828D30 /* OKSplashView.h */,
				18EB41F816593BEF00828D30 /* OKSplashView.m */,
				18EB41F31659384400828D30 /* OKStoryboard.storyboard */,
				18EB41EB165937F800828D30 /* OK.xcdatamodeld */,
				18EB41E0165937F800828D30 /* Supporting Files */,
			);
			path = OK;
			sourceTree = "<group>";
		};
		18EB41E0165937F800828D30 /* Supporting Files */ = {
			isa = PBXGroup;
			children = (
				18EB41F516593B1800828D30 /* Logo.png */,
				18EB41E1165937F800828D30 /* OK-Info.plist */,
				18EB41E2165937F800828D30 /* InfoPlist.strings */,
				18EB41E5165937F800828D30 /* main.m */,
				18EB41E7165937F800828D30 /* OK-Prefix.pch */,
			);
			name = "Supporting Files";
			sourceTree = "<group>";
		};
/* End PBXGroup section */

/* Begin PBXNativeTarget section */
		18EB41D2165937F800828D30 /* OK */ = {
			isa = PBXNativeTarget;
			buildConfigurationList = 18EB41F0165937F900828D30 /* Build configuration list for PBXNativeTarget "OK" */;
			buildPhases = (
				18EB41CF165937F800828D30 /* Sources */,
				18EB41D0165937F800828D30 /* Frameworks */,
				18EB41D1165937F800828D30 /* Resources */,
			);
			buildRules = (
			);
			dependencies = (
			);
			name = OK;
			productName = OK;
			productReference = 18EB41D3165937F800828D30 /* OK.app */;
			productType = "com.apple.product-type.application";
		};
/* End PBXNativeTarget section */

/* Begin PBXProject section */
		18EB41CA165937F800828D30 /* Project object */ = {
			isa = PBXProject;
			attributes = {
				CLASSPREFIX = OK;
				LastUpgradeCheck = 0430;
			};
			buildConfigurationList = 18EB41CD165937F800828D30 /* Build configuration list for PBXProject "OK" */;
			compatibilityVersion = "Xcode 3.2";
			developmentRegion = English;
			hasScannedForEncodings = 0;
			knownRegions = (
				en,
			);
			mainGroup = 18EB41C8165937F800828D30;
			productRefGroup = 18EB41D4165937F800828D30 /* Products */;
			projectDirPath = "";
			projectRoot = "";
			targets = (
				18EB41D2165937F800828D30 /* OK */,
			);
		};
/* End PBXProject section */

/* Begin PBXResourcesBuildPhase section */
		18EB41D1165937F800828D30 /* Resources */ = {
			isa = PBXResourcesBuildPhase;
			buildActionMask = 2147483647;
			files = (
				18EB41E4165937F800828D30 /* InfoPlist.strings in Resources */,
				18EB41F41659384400828D30 /* OKStoryboard.storyboard in Resources */,
				18EB41F616593B1800828D30 /* Logo.png in Resources */,
			);
			runOnlyForDeploymentPostprocessing = 0;
		};
/* End PBXResourcesBuildPhase section */

/* Begin PBXSourcesBuildPhase section */
		18EB41CF165937F800828D30 /* Sources */ = {
			isa = PBXSourcesBuildPhase;
			buildActionMask = 2147483647;
			files = (
				18EB41E6165937F800828D30 /* main.m in Sources */,
				18EB41EA165937F800828D30 /* OKAppDelegate.m in Sources */,
				18EB41ED165937F800828D30 /* OK.xcdatamodeld in Sources */,
				18EB41F916593BEF00828D30 /* OKSplashView.m in Sources */,
				18EB420416593EA800828D30 /* OKViewController.m in Sources */,
			);
			runOnlyForDeploymentPostprocessing = 0;
		};
/* End PBXSourcesBuildPhase section */

/* Begin PBXVariantGroup section */
		18EB41E2165937F800828D30 /* InfoPlist.strings */ = {
			isa = PBXVariantGroup;
			children = (
				18EB41E3165937F800828D30 /* en */,
			);
			name = InfoPlist.strings;
			sourceTree = "<group>";
		};
/* End PBXVariantGroup section */

/* Begin XCBuildConfiguration section */
		18EB41EE165937F900828D30 /* Debug */ = {
			isa = XCBuildConfiguration;
			buildSettings = {
				ALWAYS_SEARCH_USER_PATHS = NO;
				ARCHS = "$(ARCHS_STANDARD_32_BIT)";
				CLANG_ENABLE_OBJC_ARC = YES;
				"CODE_SIGN_IDENTITY[sdk=iphoneos*]" = "iPhone Developer";
				COPY_PHASE_STRIP = NO;
				GCC_C_LANGUAGE_STANDARD = gnu99;
				GCC_DYNAMIC_NO_PIC = NO;
				GCC_OPTIMIZATION_LEVEL = 0;
				GCC_PREPROCESSOR_DEFINITIONS = (
					"DEBUG=1",
					"$(inherited)",
				);
				GCC_SYMBOLS_PRIVATE_EXTERN = NO;
				GCC_VERSION = com.apple.compilers.llvm.clang.1_0;
				GCC_WARN_ABOUT_RETURN_TYPE = YES;
				GCC_WARN_UNINITIALIZED_AUTOS = YES;
				GCC_WARN_UNUSED_VARIABLE = YES;
				IPHONEOS_DEPLOYMENT_TARGET = 5.1;
				SDKROOT = iphoneos;
			};
			name = Debug;
		};
		18EB41EF165937F900828D30 /* Release */ = {
			isa = XCBuildConfiguration;
			buildSettings = {
				ALWAYS_SEARCH_USER_PATHS = NO;
				ARCHS = "$(ARCHS_STANDARD_32_BIT)";
				CLANG_ENABLE_OBJC_ARC = YES;
				"CODE_SIGN_IDENTITY[sdk=iphoneos*]" = "iPhone Developer";
				COPY_PHASE_STRIP = YES;
				GCC_C_LANGUAGE_STANDARD = gnu99;
				GCC_VERSION = com.apple.compilers.llvm.clang.1_0;
				GCC_WARN_ABOUT_RETURN_TYPE = YES;
				GCC_WARN_UNINITIALIZED_AUTOS = YES;
				GCC_WARN_UNUSED_VARIABLE = YES;
				IPHONEOS_DEPLOYMENT_TARGET = 5.1;
				OTHER_CFLAGS = "-DNS_BLOCK_ASSERTIONS=1";
				SDKROOT = iphoneos;
				VALIDATE_PRODUCT = YES;
			};
			name = Release;
		};
		18EB41F1165937F900828D30 /* Debug */ = {
			isa = XCBuildConfiguration;
			buildSettings = {
				GCC_PRECOMPILE_PREFIX_HEADER = YES;
				GCC_PREFIX_HEADER = "OK/OK-Prefix.pch";
				INFOPLIST_FILE = "OK/OK-Info.plist";
				PRODUCT_NAME = "$(TARGET_NAME)";
				WRAPPER_EXTENSION = app;
			};
			name = Debug;
		};
		18EB41F2165937F900828D30 /* Release */ = {
			isa = XCBuildConfiguration;
			buildSettings = {
				GCC_PRECOMPILE_PREFIX_HEADER = YES;
				GCC_PREFIX_HEADER = "OK/OK-Prefix.pch";
				INFOPLIST_FILE = "OK/OK-Info.plist";
				PRODUCT_NAME = "$(TARGET_NAME)";
				WRAPPER_EXTENSION = app;
			};
			name = Release;
		};
/* End XCBuildConfiguration section */

/* Begin XCConfigurationList section */
		18EB41CD165937F800828D30 /* Build configuration list for PBXProject "OK" */ = {
			isa = XCConfigurationList;
			buildConfigurations = (
				18EB41EE165937F900828D30 /* Debug */,
				18EB41EF165937F900828D30 /* Release */,
			);
			defaultConfigurationIsVisible = 0;
			defaultConfigurationName = Release;
		};
		18EB41F0165937F900828D30 /* Build configuration list for PBXNativeTarget "OK" */ = {
			isa = XCConfigurationList;
			buildConfigurations = (
				18EB41F1165937F900828D30 /* Debug */,
				18EB41F2165937F900828D30 /* Release */,
			);
			defaultConfigurationIsVisible = 0;
		};
/* End XCConfigurationList section */

/* Begin XCVersionGroup section */
		18EB41EB165937F800828D30 /* OK.xcdatamodeld */ = {
			isa = XCVersionGroup;
			children = (
				18EB41EC165937F800828D30 /* OK.xcdatamodel */,
			);
			currentVersion = 18EB41EC165937F800828D30 /* OK.xcdatamodel */;
			path = OK.xcdatamodeld;
			sourceTree = "<group>";
			versionGroupType = wrapper.xcdatamodel;
		};
/* End XCVersionGroup section */
	};
	rootObject = 18EB41CA165937F800828D30 /* Project object */;
}
